// !$*UTF8*$!
{
	archiveVersion = 1;
	classes = {
	};
	objectVersion = 55;
	objects = {

/* Begin PBXBuildFile section */
		3C00724629D7C7CF00688808 /* SwiftCodeGenerator.swift in Sources */ = {isa = PBXBuildFile; fileRef = 3CBFFCC429D454FC00232720 /* SwiftCodeGenerator.swift */; };
		3C00815529D8566700688808 /* SwiftBuilder.swift in Sources */ = {isa = PBXBuildFile; fileRef = 3C00815429D8566700688808 /* SwiftBuilder.swift */; };
		3C00815629D8569500688808 /* SwiftBuilder.swift in Sources */ = {isa = PBXBuildFile; fileRef = 3C00815429D8566700688808 /* SwiftBuilder.swift */; };
		3C1E23E228FE3FF30097DDA7 /* main.swift in Sources */ = {isa = PBXBuildFile; fileRef = 3C1E23E128FE3FF30097DDA7 /* main.swift */; };
		3C1E23EA28FE42AB0097DDA7 /* ArgumentParser in Frameworks */ = {isa = PBXBuildFile; productRef = 3C1E23E928FE42AB0097DDA7 /* ArgumentParser */; };
		3C1E23EC28FE4FF70097DDA7 /* MelinaCommand.swift in Sources */ = {isa = PBXBuildFile; fileRef = 3C1E23EB28FE4FF70097DDA7 /* MelinaCommand.swift */; };
		3C1E246D28FE62E70097DDA7 /* FileService.swift in Sources */ = {isa = PBXBuildFile; fileRef = 3C1E246C28FE62E70097DDA7 /* FileService.swift */; };
		3C1E247028FE7D2F0097DDA7 /* Lexer.swift in Sources */ = {isa = PBXBuildFile; fileRef = 3C1E246F28FE7D2F0097DDA7 /* Lexer.swift */; };
		3C1E247228FE7DD20097DDA7 /* Token.swift in Sources */ = {isa = PBXBuildFile; fileRef = 3C1E247128FE7DD20097DDA7 /* Token.swift */; };
		3C1E248228FE81780097DDA7 /* Lexer.swift in Sources */ = {isa = PBXBuildFile; fileRef = 3C1E246F28FE7D2F0097DDA7 /* Lexer.swift */; };
		3C1E248328FE817B0097DDA7 /* Token.swift in Sources */ = {isa = PBXBuildFile; fileRef = 3C1E247128FE7DD20097DDA7 /* Token.swift */; };
		3C3DEB8829DD71340040FF7D /* ASTPrinter.swift in Sources */ = {isa = PBXBuildFile; fileRef = 3C3DEB8729DD71340040FF7D /* ASTPrinter.swift */; };
		3CB12F2A28FFE64C007902DB /* CustomDump in Frameworks */ = {isa = PBXBuildFile; productRef = 3CB12F2928FFE64C007902DB /* CustomDump */; };
		3CB12FBE28FFE70B007902DB /* CustomDump in Frameworks */ = {isa = PBXBuildFile; productRef = 3CB12FBD28FFE70B007902DB /* CustomDump */; };
		3CB12FC629011BF3007902DB /* LexerFullTests.swift in Sources */ = {isa = PBXBuildFile; fileRef = 3CB12FC429011BF3007902DB /* LexerFullTests.swift */; };
		3CB12FC729011BF3007902DB /* LexerTests.swift in Sources */ = {isa = PBXBuildFile; fileRef = 3CB12FC529011BF3007902DB /* LexerTests.swift */; };
		3CB12FC929011C71007902DB /* LexerAssert.swift in Sources */ = {isa = PBXBuildFile; fileRef = 3CB12FC829011C71007902DB /* LexerAssert.swift */; };
		3CB136B229027B47007902DB /* Parser.swift in Sources */ = {isa = PBXBuildFile; fileRef = 3CB136B129027B47007902DB /* Parser.swift */; };
		3CB136B429027DF8007902DB /* ASTNodes.swift in Sources */ = {isa = PBXBuildFile; fileRef = 3CB136B329027DF8007902DB /* ASTNodes.swift */; };
		3CB136B829029D24007902DB /* ParserTests.swift in Sources */ = {isa = PBXBuildFile; fileRef = 3CB136B729029D24007902DB /* ParserTests.swift */; };
		3CB136BA29029E36007902DB /* ParserAsserts.swift in Sources */ = {isa = PBXBuildFile; fileRef = 3CB136B929029E36007902DB /* ParserAsserts.swift */; };
		3CB136BB29029F39007902DB /* ASTNodes.swift in Sources */ = {isa = PBXBuildFile; fileRef = 3CB136B329027DF8007902DB /* ASTNodes.swift */; };
		3CB136BC29029F64007902DB /* Parser.swift in Sources */ = {isa = PBXBuildFile; fileRef = 3CB136B129027B47007902DB /* Parser.swift */; };
		3CB136BE2902DA3A007902DB /* ParserErrorTests.swift in Sources */ = {isa = PBXBuildFile; fileRef = 3CB136BD2902DA3A007902DB /* ParserErrorTests.swift */; };
		3CB136C02902DD93007902DB /* LexerErrorTests.swift in Sources */ = {isa = PBXBuildFile; fileRef = 3CB136BF2902DD93007902DB /* LexerErrorTests.swift */; };
		3CB136CA2902E223007902DB /* SwiftCodeGeneratorTests.swift in Sources */ = {isa = PBXBuildFile; fileRef = 3CB136C92902E223007902DB /* SwiftCodeGeneratorTests.swift */; };
		3CB136CC2902E261007902DB /* CodeGeneratorAssert.swift in Sources */ = {isa = PBXBuildFile; fileRef = 3CB136CB2902E261007902DB /* CodeGeneratorAssert.swift */; };
		3CB136D02902E82E007902DB /* Code.swift in Sources */ = {isa = PBXBuildFile; fileRef = 3CB136CF2902E82E007902DB /* Code.swift */; };
		3CB136D12902E84A007902DB /* Code.swift in Sources */ = {isa = PBXBuildFile; fileRef = 3CB136CF2902E82E007902DB /* Code.swift */; };
		3CBFFCC229D4515700232720 /* Visitor.swift in Sources */ = {isa = PBXBuildFile; fileRef = 3CBFFCC129D4515700232720 /* Visitor.swift */; };
		3CBFFCC329D4517400232720 /* Visitor.swift in Sources */ = {isa = PBXBuildFile; fileRef = 3CBFFCC129D4515700232720 /* Visitor.swift */; };
		3CBFFCC529D454FC00232720 /* SwiftCodeGenerator.swift in Sources */ = {isa = PBXBuildFile; fileRef = 3CBFFCC429D454FC00232720 /* SwiftCodeGenerator.swift */; };
/* End PBXBuildFile section */

/* Begin PBXCopyFilesBuildPhase section */
		3C1E23DC28FE3FF30097DDA7 /* CopyFiles */ = {
			isa = PBXCopyFilesBuildPhase;
			buildActionMask = 2147483647;
			dstPath = /usr/share/man/man1/;
			dstSubfolderSpec = 0;
			files = (
			);
			runOnlyForDeploymentPostprocessing = 1;
		};
/* End PBXCopyFilesBuildPhase section */

/* Begin PBXFileReference section */
		3C00815429D8566700688808 /* SwiftBuilder.swift */ = {isa = PBXFileReference; lastKnownFileType = sourcecode.swift; path = SwiftBuilder.swift; sourceTree = "<group>"; };
		3C1E23DE28FE3FF30097DDA7 /* Melina */ = {isa = PBXFileReference; explicitFileType = "compiled.mach-o.executable"; includeInIndex = 0; path = Melina; sourceTree = BUILT_PRODUCTS_DIR; };
		3C1E23E128FE3FF30097DDA7 /* main.swift */ = {isa = PBXFileReference; lastKnownFileType = sourcecode.swift; path = main.swift; sourceTree = "<group>"; };
		3C1E23EB28FE4FF70097DDA7 /* MelinaCommand.swift */ = {isa = PBXFileReference; lastKnownFileType = sourcecode.swift; path = MelinaCommand.swift; sourceTree = "<group>"; };
		3C1E246C28FE62E70097DDA7 /* FileService.swift */ = {isa = PBXFileReference; lastKnownFileType = sourcecode.swift; path = FileService.swift; sourceTree = "<group>"; };
		3C1E246E28FE66A90097DDA7 /* GeneratedUITests.melina */ = {isa = PBXFileReference; lastKnownFileType = text; path = GeneratedUITests.melina; sourceTree = "<group>"; };
		3C1E246F28FE7D2F0097DDA7 /* Lexer.swift */ = {isa = PBXFileReference; lastKnownFileType = sourcecode.swift; path = Lexer.swift; sourceTree = "<group>"; };
		3C1E247128FE7DD20097DDA7 /* Token.swift */ = {isa = PBXFileReference; lastKnownFileType = sourcecode.swift; path = Token.swift; sourceTree = "<group>"; };
		3C1E247728FE802F0097DDA7 /* MelinaTests.xctest */ = {isa = PBXFileReference; explicitFileType = wrapper.cfbundle; includeInIndex = 0; path = MelinaTests.xctest; sourceTree = BUILT_PRODUCTS_DIR; };
		3C3DEB8729DD71340040FF7D /* ASTPrinter.swift */ = {isa = PBXFileReference; lastKnownFileType = sourcecode.swift; path = ASTPrinter.swift; sourceTree = "<group>"; };
		3CB12FC429011BF3007902DB /* LexerFullTests.swift */ = {isa = PBXFileReference; fileEncoding = 4; lastKnownFileType = sourcecode.swift; path = LexerFullTests.swift; sourceTree = "<group>"; };
		3CB12FC529011BF3007902DB /* LexerTests.swift */ = {isa = PBXFileReference; fileEncoding = 4; lastKnownFileType = sourcecode.swift; path = LexerTests.swift; sourceTree = "<group>"; };
		3CB12FC829011C71007902DB /* LexerAssert.swift */ = {isa = PBXFileReference; lastKnownFileType = sourcecode.swift; path = LexerAssert.swift; sourceTree = "<group>"; };
		3CB136B129027B47007902DB /* Parser.swift */ = {isa = PBXFileReference; lastKnownFileType = sourcecode.swift; path = Parser.swift; sourceTree = "<group>"; };
		3CB136B329027DF8007902DB /* ASTNodes.swift */ = {isa = PBXFileReference; lastKnownFileType = sourcecode.swift; path = ASTNodes.swift; sourceTree = "<group>"; };
		3CB136B529028628007902DB /* Grammar */ = {isa = PBXFileReference; lastKnownFileType = text; path = Grammar; sourceTree = "<group>"; };
		3CB136B729029D24007902DB /* ParserTests.swift */ = {isa = PBXFileReference; lastKnownFileType = sourcecode.swift; path = ParserTests.swift; sourceTree = "<group>"; };
		3CB136B929029E36007902DB /* ParserAsserts.swift */ = {isa = PBXFileReference; lastKnownFileType = sourcecode.swift; path = ParserAsserts.swift; sourceTree = "<group>"; };
		3CB136BD2902DA3A007902DB /* ParserErrorTests.swift */ = {isa = PBXFileReference; lastKnownFileType = sourcecode.swift; path = ParserErrorTests.swift; sourceTree = "<group>"; };
		3CB136BF2902DD93007902DB /* LexerErrorTests.swift */ = {isa = PBXFileReference; lastKnownFileType = sourcecode.swift; path = LexerErrorTests.swift; sourceTree = "<group>"; };
		3CB136C92902E223007902DB /* SwiftCodeGeneratorTests.swift */ = {isa = PBXFileReference; lastKnownFileType = sourcecode.swift; path = SwiftCodeGeneratorTests.swift; sourceTree = "<group>"; };
		3CB136CB2902E261007902DB /* CodeGeneratorAssert.swift */ = {isa = PBXFileReference; lastKnownFileType = sourcecode.swift; path = CodeGeneratorAssert.swift; sourceTree = "<group>"; };
		3CB136CF2902E82E007902DB /* Code.swift */ = {isa = PBXFileReference; fileEncoding = 4; lastKnownFileType = sourcecode.swift; path = Code.swift; sourceTree = "<group>"; };
		3CBFFCC129D4515700232720 /* Visitor.swift */ = {isa = PBXFileReference; lastKnownFileType = sourcecode.swift; path = Visitor.swift; sourceTree = "<group>"; };
		3CBFFCC429D454FC00232720 /* SwiftCodeGenerator.swift */ = {isa = PBXFileReference; lastKnownFileType = sourcecode.swift; path = SwiftCodeGenerator.swift; sourceTree = "<group>"; };
/* End PBXFileReference section */

/* Begin PBXFrameworksBuildPhase section */
		3C1E23DB28FE3FF30097DDA7 /* Frameworks */ = {
			isa = PBXFrameworksBuildPhase;
			buildActionMask = 2147483647;
			files = (
				3C1E23EA28FE42AB0097DDA7 /* ArgumentParser in Frameworks */,
				3CB12F2A28FFE64C007902DB /* CustomDump in Frameworks */,
			);
			runOnlyForDeploymentPostprocessing = 0;
		};
		3C1E247428FE802F0097DDA7 /* Frameworks */ = {
			isa = PBXFrameworksBuildPhase;
			buildActionMask = 2147483647;
			files = (
				3CB12FBE28FFE70B007902DB /* CustomDump in Frameworks */,
			);
			runOnlyForDeploymentPostprocessing = 0;
		};
/* End PBXFrameworksBuildPhase section */

/* Begin PBXGroup section */
		3C00815329D8565200688808 /* Swift */ = {
			isa = PBXGroup;
			children = (
				3CBFFCC429D454FC00232720 /* SwiftCodeGenerator.swift */,
				3C00815429D8566700688808 /* SwiftBuilder.swift */,
			);
			path = Swift;
			sourceTree = "<group>";
		};
		3C1E23D528FE3FF30097DDA7 = {
			isa = PBXGroup;
			children = (
				3C1E23E028FE3FF30097DDA7 /* Melina */,
				3C1E247828FE802F0097DDA7 /* MelinaTests */,
				3C1E23DF28FE3FF30097DDA7 /* Products */,
				3CB12FBC28FFE70B007902DB /* Frameworks */,
			);
			sourceTree = "<group>";
		};
		3C1E23DF28FE3FF30097DDA7 /* Products */ = {
			isa = PBXGroup;
			children = (
				3C1E23DE28FE3FF30097DDA7 /* Melina */,
				3C1E247728FE802F0097DDA7 /* MelinaTests.xctest */,
			);
			name = Products;
			sourceTree = "<group>";
		};
		3C1E23E028FE3FF30097DDA7 /* Melina */ = {
			isa = PBXGroup;
			children = (
				3CB136C52902E12E007902DB /* CodeGenerator */,
				3CB136C42902E113007902DB /* Parser */,
				3CB136C32902E108007902DB /* Lexer */,
				3C1E23E128FE3FF30097DDA7 /* main.swift */,
				3C1E23EB28FE4FF70097DDA7 /* MelinaCommand.swift */,
				3C1E246C28FE62E70097DDA7 /* FileService.swift */,
				3CB136B529028628007902DB /* Grammar */,
				3C1E246E28FE66A90097DDA7 /* GeneratedUITests.melina */,
			);
			path = Melina;
			sourceTree = "<group>";
		};
		3C1E247828FE802F0097DDA7 /* MelinaTests */ = {
			isa = PBXGroup;
			children = (
				3CB136C82902E214007902DB /* CodeGenerator */,
				3CB136B629029D14007902DB /* Parser */,
				3CB12FC329011BF3007902DB /* Lexer */,
			);
			path = MelinaTests;
			sourceTree = "<group>";
		};
		3CB12FBC28FFE70B007902DB /* Frameworks */ = {
			isa = PBXGroup;
			children = (
			);
			name = Frameworks;
			sourceTree = "<group>";
		};
		3CB12FC329011BF3007902DB /* Lexer */ = {
			isa = PBXGroup;
			children = (
				3CB12FC429011BF3007902DB /* LexerFullTests.swift */,
				3CB12FC529011BF3007902DB /* LexerTests.swift */,
				3CB12FC829011C71007902DB /* LexerAssert.swift */,
				3CB136BF2902DD93007902DB /* LexerErrorTests.swift */,
			);
			path = Lexer;
			sourceTree = "<group>";
		};
		3CB136B629029D14007902DB /* Parser */ = {
			isa = PBXGroup;
			children = (
				3CB136B729029D24007902DB /* ParserTests.swift */,
				3CB136BD2902DA3A007902DB /* ParserErrorTests.swift */,
				3CB136B929029E36007902DB /* ParserAsserts.swift */,
				3C3DEB8729DD71340040FF7D /* ASTPrinter.swift */,
			);
			path = Parser;
			sourceTree = "<group>";
		};
		3CB136C32902E108007902DB /* Lexer */ = {
			isa = PBXGroup;
			children = (
				3C1E246F28FE7D2F0097DDA7 /* Lexer.swift */,
				3C1E247128FE7DD20097DDA7 /* Token.swift */,
			);
			path = Lexer;
			sourceTree = "<group>";
		};
		3CB136C42902E113007902DB /* Parser */ = {
			isa = PBXGroup;
			children = (
				3CBFFCC129D4515700232720 /* Visitor.swift */,
				3CB136B129027B47007902DB /* Parser.swift */,
				3CB136B329027DF8007902DB /* ASTNodes.swift */,
			);
			path = Parser;
			sourceTree = "<group>";
		};
		3CB136C52902E12E007902DB /* CodeGenerator */ = {
			isa = PBXGroup;
			children = (
				3C00815329D8565200688808 /* Swift */,
				3CB136CF2902E82E007902DB /* Code.swift */,
			);
			path = CodeGenerator;
			sourceTree = "<group>";
		};
		3CB136C82902E214007902DB /* CodeGenerator */ = {
			isa = PBXGroup;
			children = (
				3CB136C92902E223007902DB /* SwiftCodeGeneratorTests.swift */,
				3CB136CB2902E261007902DB /* CodeGeneratorAssert.swift */,
			);
			path = CodeGenerator;
			sourceTree = "<group>";
		};
/* End PBXGroup section */

/* Begin PBXNativeTarget section */
		3C1E23DD28FE3FF30097DDA7 /* Melina */ = {
			isa = PBXNativeTarget;
			buildConfigurationList = 3C1E23E528FE3FF30097DDA7 /* Build configuration list for PBXNativeTarget "Melina" */;
			buildPhases = (
				3C1E23DA28FE3FF30097DDA7 /* Sources */,
				3C1E23DB28FE3FF30097DDA7 /* Frameworks */,
				3C1E23DC28FE3FF30097DDA7 /* CopyFiles */,
			);
			buildRules = (
			);
			dependencies = (
			);
			name = Melina;
			packageProductDependencies = (
				3C1E23E928FE42AB0097DDA7 /* ArgumentParser */,
				3CB12F2928FFE64C007902DB /* CustomDump */,
			);
			productName = Melina;
			productReference = 3C1E23DE28FE3FF30097DDA7 /* Melina */;
			productType = "com.apple.product-type.tool";
		};
		3C1E247628FE802F0097DDA7 /* MelinaTests */ = {
			isa = PBXNativeTarget;
			buildConfigurationList = 3C1E247B28FE802F0097DDA7 /* Build configuration list for PBXNativeTarget "MelinaTests" */;
			buildPhases = (
				3C1E247328FE802F0097DDA7 /* Sources */,
				3C1E247428FE802F0097DDA7 /* Frameworks */,
				3C1E247528FE802F0097DDA7 /* Resources */,
			);
			buildRules = (
			);
			dependencies = (
				3CB12FBB28FFE6FA007902DB /* PBXTargetDependency */,
			);
			name = MelinaTests;
			packageProductDependencies = (
				3CB12FBD28FFE70B007902DB /* CustomDump */,
			);
			productName = MelinaTests;
			productReference = 3C1E247728FE802F0097DDA7 /* MelinaTests.xctest */;
			productType = "com.apple.product-type.bundle.unit-test";
		};
/* End PBXNativeTarget section */

/* Begin PBXProject section */
		3C1E23D628FE3FF30097DDA7 /* Project object */ = {
			isa = PBXProject;
			attributes = {
				BuildIndependentTargetsInParallel = 1;
				LastSwiftUpdateCheck = 1320;
				LastUpgradeCheck = 1320;
				TargetAttributes = {
					3C1E23DD28FE3FF30097DDA7 = {
						CreatedOnToolsVersion = 13.2.1;
					};
					3C1E247628FE802F0097DDA7 = {
						CreatedOnToolsVersion = 13.2.1;
					};
				};
			};
			buildConfigurationList = 3C1E23D928FE3FF30097DDA7 /* Build configuration list for PBXProject "Melina" */;
			compatibilityVersion = "Xcode 13.0";
			developmentRegion = en;
			hasScannedForEncodings = 0;
			knownRegions = (
				en,
				Base,
			);
			mainGroup = 3C1E23D528FE3FF30097DDA7;
			packageReferences = (
				3C1E23E828FE42AB0097DDA7 /* XCRemoteSwiftPackageReference "swift-argument-parser" */,
				3CB12F2828FFE64C007902DB /* XCRemoteSwiftPackageReference "swift-custom-dump" */,
			);
			productRefGroup = 3C1E23DF28FE3FF30097DDA7 /* Products */;
			projectDirPath = "";
			projectRoot = "";
			targets = (
				3C1E23DD28FE3FF30097DDA7 /* Melina */,
				3C1E247628FE802F0097DDA7 /* MelinaTests */,
			);
		};
/* End PBXProject section */

/* Begin PBXResourcesBuildPhase section */
		3C1E247528FE802F0097DDA7 /* Resources */ = {
			isa = PBXResourcesBuildPhase;
			buildActionMask = 2147483647;
			files = (
			);
			runOnlyForDeploymentPostprocessing = 0;
		};
/* End PBXResourcesBuildPhase section */

/* Begin PBXSourcesBuildPhase section */
		3C1E23DA28FE3FF30097DDA7 /* Sources */ = {
			isa = PBXSourcesBuildPhase;
			buildActionMask = 2147483647;
			files = (
				3C1E23EC28FE4FF70097DDA7 /* MelinaCommand.swift in Sources */,
				3C1E247228FE7DD20097DDA7 /* Token.swift in Sources */,
				3CB136B229027B47007902DB /* Parser.swift in Sources */,
				3C1E23E228FE3FF30097DDA7 /* main.swift in Sources */,
				3C1E247028FE7D2F0097DDA7 /* Lexer.swift in Sources */,
				3CB136B429027DF8007902DB /* ASTNodes.swift in Sources */,
				3CB136D02902E82E007902DB /* Code.swift in Sources */,
				3CBFFCC229D4515700232720 /* Visitor.swift in Sources */,
				3C00815529D8566700688808 /* SwiftBuilder.swift in Sources */,
				3CBFFCC529D454FC00232720 /* SwiftCodeGenerator.swift in Sources */,
				3C1E246D28FE62E70097DDA7 /* FileService.swift in Sources */,
			);
			runOnlyForDeploymentPostprocessing = 0;
		};
		3C1E247328FE802F0097DDA7 /* Sources */ = {
			isa = PBXSourcesBuildPhase;
			buildActionMask = 2147483647;
			files = (
				3CB136CA2902E223007902DB /* SwiftCodeGeneratorTests.swift in Sources */,
				3CB136C02902DD93007902DB /* LexerErrorTests.swift in Sources */,
				3CB12FC929011C71007902DB /* LexerAssert.swift in Sources */,
				3CB136BE2902DA3A007902DB /* ParserErrorTests.swift in Sources */,
				3C3DEB8829DD71340040FF7D /* ASTPrinter.swift in Sources */,
				3C00815629D8569500688808 /* SwiftBuilder.swift in Sources */,
				3CB136D12902E84A007902DB /* Code.swift in Sources */,
				3CB136BA29029E36007902DB /* ParserAsserts.swift in Sources */,
				3CB136BB29029F39007902DB /* ASTNodes.swift in Sources */,
				3CB136CC2902E261007902DB /* CodeGeneratorAssert.swift in Sources */,
				3CBFFCC329D4517400232720 /* Visitor.swift in Sources */,
				3C1E248328FE817B0097DDA7 /* Token.swift in Sources */,
				3CB136B829029D24007902DB /* ParserTests.swift in Sources */,
				3CB136BC29029F64007902DB /* Parser.swift in Sources */,
				3CB12FC629011BF3007902DB /* LexerFullTests.swift in Sources */,
				3C00724629D7C7CF00688808 /* SwiftCodeGenerator.swift in Sources */,
				3CB12FC729011BF3007902DB /* LexerTests.swift in Sources */,
				3C1E248228FE81780097DDA7 /* Lexer.swift in Sources */,
			);
			runOnlyForDeploymentPostprocessing = 0;
		};
/* End PBXSourcesBuildPhase section */

/* Begin PBXTargetDependency section */
		3CB12FBB28FFE6FA007902DB /* PBXTargetDependency */ = {
			isa = PBXTargetDependency;
			productRef = 3CB12FBA28FFE6FA007902DB /* CustomDump */;
		};
/* End PBXTargetDependency section */

/* Begin XCBuildConfiguration section */
		3C1E23E328FE3FF30097DDA7 /* Debug */ = {
			isa = XCBuildConfiguration;
			buildSettings = {
				ALWAYS_SEARCH_USER_PATHS = NO;
				CLANG_ANALYZER_NONNULL = YES;
				CLANG_ANALYZER_NUMBER_OBJECT_CONVERSION = YES_AGGRESSIVE;
				CLANG_CXX_LANGUAGE_STANDARD = "gnu++17";
				CLANG_CXX_LIBRARY = "libc++";
				CLANG_ENABLE_MODULES = YES;
				CLANG_ENABLE_OBJC_ARC = YES;
				CLANG_ENABLE_OBJC_WEAK = YES;
				CLANG_WARN_BLOCK_CAPTURE_AUTORELEASING = YES;
				CLANG_WARN_BOOL_CONVERSION = YES;
				CLANG_WARN_COMMA = YES;
				CLANG_WARN_CONSTANT_CONVERSION = YES;
				CLANG_WARN_DEPRECATED_OBJC_IMPLEMENTATIONS = YES;
				CLANG_WARN_DIRECT_OBJC_ISA_USAGE = YES_ERROR;
				CLANG_WARN_DOCUMENTATION_COMMENTS = YES;
				CLANG_WARN_EMPTY_BODY = YES;
				CLANG_WARN_ENUM_CONVERSION = YES;
				CLANG_WARN_INFINITE_RECURSION = YES;
				CLANG_WARN_INT_CONVERSION = YES;
				CLANG_WARN_NON_LITERAL_NULL_CONVERSION = YES;
				CLANG_WARN_OBJC_IMPLICIT_RETAIN_SELF = YES;
				CLANG_WARN_OBJC_LITERAL_CONVERSION = YES;
				CLANG_WARN_OBJC_ROOT_CLASS = YES_ERROR;
				CLANG_WARN_QUOTED_INCLUDE_IN_FRAMEWORK_HEADER = YES;
				CLANG_WARN_RANGE_LOOP_ANALYSIS = YES;
				CLANG_WARN_STRICT_PROTOTYPES = YES;
				CLANG_WARN_SUSPICIOUS_MOVE = YES;
				CLANG_WARN_UNGUARDED_AVAILABILITY = YES_AGGRESSIVE;
				CLANG_WARN_UNREACHABLE_CODE = YES;
				CLANG_WARN__DUPLICATE_METHOD_MATCH = YES;
				COPY_PHASE_STRIP = NO;
				DEBUG_INFORMATION_FORMAT = dwarf;
				ENABLE_STRICT_OBJC_MSGSEND = YES;
				ENABLE_TESTABILITY = YES;
				GCC_C_LANGUAGE_STANDARD = gnu11;
				GCC_DYNAMIC_NO_PIC = NO;
				GCC_NO_COMMON_BLOCKS = YES;
				GCC_OPTIMIZATION_LEVEL = 0;
				GCC_PREPROCESSOR_DEFINITIONS = (
					"DEBUG=1",
					"$(inherited)",
				);
				GCC_WARN_64_TO_32_BIT_CONVERSION = YES;
				GCC_WARN_ABOUT_RETURN_TYPE = YES_ERROR;
				GCC_WARN_UNDECLARED_SELECTOR = YES;
				GCC_WARN_UNINITIALIZED_AUTOS = YES_AGGRESSIVE;
				GCC_WARN_UNUSED_FUNCTION = YES;
				GCC_WARN_UNUSED_VARIABLE = YES;
				MACOSX_DEPLOYMENT_TARGET = 12.1;
				MTL_ENABLE_DEBUG_INFO = INCLUDE_SOURCE;
				MTL_FAST_MATH = YES;
				ONLY_ACTIVE_ARCH = YES;
				SDKROOT = macosx;
				SWIFT_ACTIVE_COMPILATION_CONDITIONS = DEBUG;
				SWIFT_OPTIMIZATION_LEVEL = "-Onone";
			};
			name = Debug;
		};
		3C1E23E428FE3FF30097DDA7 /* Release */ = {
			isa = XCBuildConfiguration;
			buildSettings = {
				ALWAYS_SEARCH_USER_PATHS = NO;
				CLANG_ANALYZER_NONNULL = YES;
				CLANG_ANALYZER_NUMBER_OBJECT_CONVERSION = YES_AGGRESSIVE;
				CLANG_CXX_LANGUAGE_STANDARD = "gnu++17";
				CLANG_CXX_LIBRARY = "libc++";
				CLANG_ENABLE_MODULES = YES;
				CLANG_ENABLE_OBJC_ARC = YES;
				CLANG_ENABLE_OBJC_WEAK = YES;
				CLANG_WARN_BLOCK_CAPTURE_AUTORELEASING = YES;
				CLANG_WARN_BOOL_CONVERSION = YES;
				CLANG_WARN_COMMA = YES;
				CLANG_WARN_CONSTANT_CONVERSION = YES;
				CLANG_WARN_DEPRECATED_OBJC_IMPLEMENTATIONS = YES;
				CLANG_WARN_DIRECT_OBJC_ISA_USAGE = YES_ERROR;
				CLANG_WARN_DOCUMENTATION_COMMENTS = YES;
				CLANG_WARN_EMPTY_BODY = YES;
				CLANG_WARN_ENUM_CONVERSION = YES;
				CLANG_WARN_INFINITE_RECURSION = YES;
				CLANG_WARN_INT_CONVERSION = YES;
				CLANG_WARN_NON_LITERAL_NULL_CONVERSION = YES;
				CLANG_WARN_OBJC_IMPLICIT_RETAIN_SELF = YES;
				CLANG_WARN_OBJC_LITERAL_CONVERSION = YES;
				CLANG_WARN_OBJC_ROOT_CLASS = YES_ERROR;
				CLANG_WARN_QUOTED_INCLUDE_IN_FRAMEWORK_HEADER = YES;
				CLANG_WARN_RANGE_LOOP_ANALYSIS = YES;
				CLANG_WARN_STRICT_PROTOTYPES = YES;
				CLANG_WARN_SUSPICIOUS_MOVE = YES;
				CLANG_WARN_UNGUARDED_AVAILABILITY = YES_AGGRESSIVE;
				CLANG_WARN_UNREACHABLE_CODE = YES;
				CLANG_WARN__DUPLICATE_METHOD_MATCH = YES;
				COPY_PHASE_STRIP = NO;
				DEBUG_INFORMATION_FORMAT = "dwarf-with-dsym";
				ENABLE_NS_ASSERTIONS = NO;
				ENABLE_STRICT_OBJC_MSGSEND = YES;
				GCC_C_LANGUAGE_STANDARD = gnu11;
				GCC_NO_COMMON_BLOCKS = YES;
				GCC_WARN_64_TO_32_BIT_CONVERSION = YES;
				GCC_WARN_ABOUT_RETURN_TYPE = YES_ERROR;
				GCC_WARN_UNDECLARED_SELECTOR = YES;
				GCC_WARN_UNINITIALIZED_AUTOS = YES_AGGRESSIVE;
				GCC_WARN_UNUSED_FUNCTION = YES;
				GCC_WARN_UNUSED_VARIABLE = YES;
				MACOSX_DEPLOYMENT_TARGET = 12.1;
				MTL_ENABLE_DEBUG_INFO = NO;
				MTL_FAST_MATH = YES;
				SDKROOT = macosx;
				SWIFT_COMPILATION_MODE = wholemodule;
				SWIFT_OPTIMIZATION_LEVEL = "-O";
			};
			name = Release;
		};
		3C1E23E628FE3FF30097DDA7 /* Debug */ = {
			isa = XCBuildConfiguration;
			buildSettings = {
				CODE_SIGN_STYLE = Automatic;
				PRODUCT_NAME = "$(TARGET_NAME)";
				SWIFT_VERSION = 5.0;
			};
			name = Debug;
		};
		3C1E23E728FE3FF30097DDA7 /* Release */ = {
			isa = XCBuildConfiguration;
			buildSettings = {
				CODE_SIGN_STYLE = Automatic;
				PRODUCT_NAME = "$(TARGET_NAME)";
				SWIFT_VERSION = 5.0;
			};
			name = Release;
		};
		3C1E247C28FE802F0097DDA7 /* Debug */ = {
			isa = XCBuildConfiguration;
			buildSettings = {
				CODE_SIGN_STYLE = Automatic;
				CURRENT_PROJECT_VERSION = 1;
				GENERATE_INFOPLIST_FILE = YES;
				MARKETING_VERSION = 1.0;
				PRODUCT_BUNDLE_IDENTIFIER = uncle.alek.MelinaTests;
				PRODUCT_NAME = "$(TARGET_NAME)";
				SWIFT_EMIT_LOC_STRINGS = NO;
				SWIFT_VERSION = 5.0;
			};
			name = Debug;
		};
		3C1E247D28FE802F0097DDA7 /* Release */ = {
			isa = XCBuildConfiguration;
			buildSettings = {
				CODE_SIGN_STYLE = Automatic;
				CURRENT_PROJECT_VERSION = 1;
				GENERATE_INFOPLIST_FILE = YES;
				MARKETING_VERSION = 1.0;
				PRODUCT_BUNDLE_IDENTIFIER = uncle.alek.MelinaTests;
				PRODUCT_NAME = "$(TARGET_NAME)";
				SWIFT_EMIT_LOC_STRINGS = NO;
				SWIFT_VERSION = 5.0;
			};
			name = Release;
		};
/* End XCBuildConfiguration section */

/* Begin XCConfigurationList section */
		3C1E23D928FE3FF30097DDA7 /* Build configuration list for PBXProject "Melina" */ = {
			isa = XCConfigurationList;
			buildConfigurations = (
				3C1E23E328FE3FF30097DDA7 /* Debug */,
				3C1E23E428FE3FF30097DDA7 /* Release */,
			);
			defaultConfigurationIsVisible = 0;
			defaultConfigurationName = Release;
		};
		3C1E23E528FE3FF30097DDA7 /* Build configuration list for PBXNativeTarget "Melina" */ = {
			isa = XCConfigurationList;
			buildConfigurations = (
				3C1E23E628FE3FF30097DDA7 /* Debug */,
				3C1E23E728FE3FF30097DDA7 /* Release */,
			);
			defaultConfigurationIsVisible = 0;
			defaultConfigurationName = Release;
		};
		3C1E247B28FE802F0097DDA7 /* Build configuration list for PBXNativeTarget "MelinaTests" */ = {
			isa = XCConfigurationList;
			buildConfigurations = (
				3C1E247C28FE802F0097DDA7 /* Debug */,
				3C1E247D28FE802F0097DDA7 /* Release */,
			);
			defaultConfigurationIsVisible = 0;
			defaultConfigurationName = Release;
		};
/* End XCConfigurationList section */

/* Begin XCRemoteSwiftPackageReference section */
		3C1E23E828FE42AB0097DDA7 /* XCRemoteSwiftPackageReference "swift-argument-parser" */ = {
			isa = XCRemoteSwiftPackageReference;
			repositoryURL = "https://github.com/apple/swift-argument-parser.git";
			requirement = {
				kind = upToNextMajorVersion;
				minimumVersion = 1.0.0;
			};
		};
		3CB12F2828FFE64C007902DB /* XCRemoteSwiftPackageReference "swift-custom-dump" */ = {
			isa = XCRemoteSwiftPackageReference;
			repositoryURL = "https://github.com/pointfreeco/swift-custom-dump";
			requirement = {
				kind = upToNextMajorVersion;
				minimumVersion = 0.6.0;
			};
		};
/* End XCRemoteSwiftPackageReference section */

/* Begin XCSwiftPackageProductDependency section */
		3C1E23E928FE42AB0097DDA7 /* ArgumentParser */ = {
			isa = XCSwiftPackageProductDependency;
			package = 3C1E23E828FE42AB0097DDA7 /* XCRemoteSwiftPackageReference "swift-argument-parser" */;
			productName = ArgumentParser;
		};
		3CB12F2928FFE64C007902DB /* CustomDump */ = {
			isa = XCSwiftPackageProductDependency;
			package = 3CB12F2828FFE64C007902DB /* XCRemoteSwiftPackageReference "swift-custom-dump" */;
			productName = CustomDump;
		};
		3CB12FBA28FFE6FA007902DB /* CustomDump */ = {
			isa = XCSwiftPackageProductDependency;
			package = 3CB12F2828FFE64C007902DB /* XCRemoteSwiftPackageReference "swift-custom-dump" */;
			productName = CustomDump;
		};
		3CB12FBD28FFE70B007902DB /* CustomDump */ = {
			isa = XCSwiftPackageProductDependency;
			package = 3CB12F2828FFE64C007902DB /* XCRemoteSwiftPackageReference "swift-custom-dump" */;
			productName = CustomDump;
		};
/* End XCSwiftPackageProductDependency section */
	};
	rootObject = 3C1E23D628FE3FF30097DDA7 /* Project object */;
}
